
Microsoft Visual Studio Solution File, Format Version 12.00
# Visual Studio Version 16
VisualStudioVersion = 16.0.30717.126
MinimumVisualStudioVersion = 10.0.40219.1
Project("{FAE04EC0-301F-11D3-BF4B-00C04F79EFBC}") = "Ch13_2_homework", "Ch13_2_homework\Ch13_2_homework.csproj", "{6A8550F0-F6F6-473C-BF0A-C2FE763EA57E}"
EndProject
Global
	GlobalSection(SolutionConfigurationPlatforms) = preSolution
		Debug|Any CPU = Debug|Any CPU
		Release|Any CPU = Release|Any CPU
	EndGlobalSection
	GlobalSection(ProjectConfigurationPlatforms) = postSolution
		{6A8550F0-F6F6-473C-BF0A-C2FE763EA57E}.Debug|Any CPU.ActiveCfg = Debug|Any CPU
		{6A8550F0-F6F6-473C-BF0A-C2FE763EA57E}.Debug|Any CPU.Build.0 = Debug|Any CPU
		{6A8550F0-F6F6-473C-BF0A-C2FE763EA57E}.Release|Any CPU.ActiveCfg = Release|Any CPU
		{6A8550F0-F6F6-473C-BF0A-C2FE763EA57E}.Release|Any CPU.Build.0 = Release|Any CPU
	EndGlobalSection
	GlobalSection(SolutionProperties) = preSolution
		HideSolutionNode = FALSE
	EndGlobalSection
	GlobalSection(ExtensibilityGlobals) = postSolution
		SolutionGuid = {57D4CA32-2243-401F-99C0-944C537474CE}
	EndGlobalSection
EndGlobal
