
Microsoft Visual Studio Solution File, Format Version 12.00
# Visual Studio Version 16
VisualStudioVersion = 16.0.30413.136
MinimumVisualStudioVersion = 10.0.40219.1
Project("{FAE04EC0-301F-11D3-BF4B-00C04F79EFBC}") = "CommissionSales", "CommissionSales\CommissionSales.csproj", "{BDECBBAB-92FF-4740-A03F-A8B9C87462F6}"
EndProject
Global
	GlobalSection(SolutionConfigurationPlatforms) = preSolution
		Debug|Any CPU = Debug|Any CPU
		Release|Any CPU = Release|Any CPU
	EndGlobalSection
	GlobalSection(ProjectConfigurationPlatforms) = postSolution
		{BDECBBAB-92FF-4740-A03F-A8B9C87462F6}.Debug|Any CPU.ActiveCfg = Debug|Any CPU
		{BDECBBAB-92FF-4740-A03F-A8B9C87462F6}.Debug|Any CPU.Build.0 = Debug|Any CPU
		{BDECBBAB-92FF-4740-A03F-A8B9C87462F6}.Release|Any CPU.ActiveCfg = Release|Any CPU
		{BDECBBAB-92FF-4740-A03F-A8B9C87462F6}.Release|Any CPU.Build.0 = Release|Any CPU
	EndGlobalSection
	GlobalSection(SolutionProperties) = preSolution
		HideSolutionNode = FALSE
	EndGlobalSection
	GlobalSection(ExtensibilityGlobals) = postSolution
		SolutionGuid = {9CA73652-25EE-4703-838E-328720574AED}
	EndGlobalSection
EndGlobal
